{
  "requires": true,
  "lockfileVersion": 1,
  "dependencies": {
    "svg.js": {
      "version": "2.6.6",
      "resolved": "https://registry.npmjs.org/svg.js/-/svg.js-2.6.6.tgz",
      "integrity": "sha512-YdraDjga3Chc5Mxl9H8OhHdTBGyC/Sf2Bqv3ywpCQpHngfA2yq3vqf0SAdN+bAs1Iia6h9bi68dHNsqe8H/Apw=="
    },
    "svg.panzoom.js": {
      "version": "1.2.0",
      "resolved": "https://registry.npmjs.org/svg.panzoom.js/-/svg.panzoom.js-1.2.0.tgz",
      "integrity": "sha512-3x9q/zFA6KjnhBK6LBpcFvy7VvQSg+754Et15rkbWlAUql+bJ5Agjm3ORngnRybN2lmOWMco0AgdzC5l17oL0Q==",
      "requires": {
        "svg.js": "^2.6.2"
      }
    }
  }
}
